
Microsoft Visual Studio Solution File, Format Version 12.00
# Visual Studio Version 17
VisualStudioVersion = 17.6.33417.168
MinimumVisualStudioVersion = 10.0.40219.1
Project("{FAE04EC0-301F-11D3-BF4B-00C04F79EFBC}") = "sha-shine", "sha-shine.csproj", "{AFB10F97-C661-4324-BC43-25DE94C370CD}"
EndProject
Global
	GlobalSection(SolutionConfigurationPlatforms) = preSolution
		Debug|Any CPU = Debug|Any CPU
		Release|Any CPU = Release|Any CPU
	EndGlobalSection
	GlobalSection(ProjectConfigurationPlatforms) = postSolution
		{AFB10F97-C661-4324-BC43-25DE94C370CD}.Debug|Any CPU.ActiveCfg = Debug|Any CPU
		{AFB10F97-C661-4324-BC43-25DE94C370CD}.Debug|Any CPU.Build.0 = Debug|Any CPU
		{AFB10F97-C661-4324-BC43-25DE94C370CD}.Release|Any CPU.ActiveCfg = Release|Any CPU
		{AFB10F97-C661-4324-BC43-25DE94C370CD}.Release|Any CPU.Build.0 = Release|Any CPU
	EndGlobalSection
	GlobalSection(SolutionProperties) = preSolution
		HideSolutionNode = FALSE
	EndGlobalSection
	GlobalSection(ExtensibilityGlobals) = postSolution
		SolutionGuid = {B34690F1-ED46-4EB1-A8D8-7EAE72A44A1C}
	EndGlobalSection
EndGlobal
